// !$*UTF8*$!
{
	archiveVersion = 1;
	classes = {
	};
	objectVersion = 46;
	objects = {

/* Begin PBXBuildFile section */
		550B29FD17A6B030007FEBBF /* UIKit.framework in Frameworks */ = {isa = PBXBuildFile; fileRef = 550B29FC17A6B030007FEBBF /* UIKit.framework */; };
		550B29FF17A6B030007FEBBF /* Foundation.framework in Frameworks */ = {isa = PBXBuildFile; fileRef = 550B29FE17A6B030007FEBBF /* Foundation.framework */; };
		550B2A0117A6B030007FEBBF /* CoreGraphics.framework in Frameworks */ = {isa = PBXBuildFile; fileRef = 550B2A0017A6B030007FEBBF /* CoreGraphics.framework */; };
		550B2A0717A6B030007FEBBF /* InfoPlist.strings in Resources */ = {isa = PBXBuildFile; fileRef = 550B2A0517A6B030007FEBBF /* InfoPlist.strings */; };
		550B2A0917A6B030007FEBBF /* main.m in Sources */ = {isa = PBXBuildFile; fileRef = 550B2A0817A6B030007FEBBF /* main.m */; };
		550B2A0D17A6B030007FEBBF /* AppDelegate.m in Sources */ = {isa = PBXBuildFile; fileRef = 550B2A0C17A6B030007FEBBF /* AppDelegate.m */; };
		550B2A0F17A6B030007FEBBF /* Default.png in Resources */ = {isa = PBXBuildFile; fileRef = 550B2A0E17A6B030007FEBBF /* Default.png */; };
		550B2A1117A6B030007FEBBF /* Default@2x.png in Resources */ = {isa = PBXBuildFile; fileRef = 550B2A1017A6B030007FEBBF /* Default@2x.png */; };
		550B2A1317A6B030007FEBBF /* Default-568h@2x.png in Resources */ = {isa = PBXBuildFile; fileRef = 550B2A1217A6B030007FEBBF /* Default-568h@2x.png */; };
		550B2A1617A6B030007FEBBF /* MainStoryboard.storyboard in Resources */ = {isa = PBXBuildFile; fileRef = 550B2A1417A6B030007FEBBF /* MainStoryboard.storyboard */; };
		550B2A1917A6B030007FEBBF /* ViewController.m in Sources */ = {isa = PBXBuildFile; fileRef = 550B2A1817A6B030007FEBBF /* ViewController.m */; };
/* End PBXBuildFile section */

/* Begin PBXFileReference section */
		550B29F917A6B030007FEBBF /* PictureGrid.app */ = {isa = PBXFileReference; explicitFileType = wrapper.application; includeInIndex = 0; path = PictureGrid.app; sourceTree = BUILT_PRODUCTS_DIR; };
		550B29FC17A6B030007FEBBF /* UIKit.framework */ = {isa = PBXFileReference; lastKnownFileType = wrapper.framework; name = UIKit.framework; path = System/Library/Frameworks/UIKit.framework; sourceTree = SDKROOT; };
		550B29FE17A6B030007FEBBF /* Foundation.framework */ = {isa = PBXFileReference; lastKnownFileType = wrapper.framework; name = Foundation.framework; path = System/Library/Frameworks/Foundation.framework; sourceTree = SDKROOT; };
		550B2A0017A6B030007FEBBF /* CoreGraphics.framework */ = {isa = PBXFileReference; lastKnownFileType = wrapper.framework; name = CoreGraphics.framework; path = System/Library/Frameworks/CoreGraphics.framework; sourceTree = SDKROOT; };
		550B2A0417A6B030007FEBBF /* PictureGrid-Info.plist */ = {isa = PBXFileReference; lastKnownFileType = text.plist.xml; path = "PictureGrid-Info.plist"; sourceTree = "<group>"; };
		550B2A0617A6B030007FEBBF /* en */ = {isa = PBXFileReference; lastKnownFileType = text.plist.strings; name = en; path = en.lproj/InfoPlist.strings; sourceTree = "<group>"; };
		550B2A0817A6B030007FEBBF /* main.m */ = {isa = PBXFileReference; lastKnownFileType = sourcecode.c.objc; path = main.m; sourceTree = "<group>"; };
		550B2A0A17A6B030007FEBBF /* PictureGrid-Prefix.pch */ = {isa = PBXFileReference; lastKnownFileType = sourcecode.c.h; path = "PictureGrid-Prefix.pch"; sourceTree = "<group>"; };
		550B2A0B17A6B030007FEBBF /* AppDelegate.h */ = {isa = PBXFileReference; lastKnownFileType = sourcecode.c.h; path = AppDelegate.h; sourceTree = "<group>"; };
		550B2A0C17A6B030007FEBBF /* AppDelegate.m */ = {isa = PBXFileReference; lastKnownFileType = sourcecode.c.objc; path = AppDelegate.m; sourceTree = "<group>"; };
		550B2A0E17A6B030007FEBBF /* Default.png */ = {isa = PBXFileReference; lastKnownFileType = image.png; path = Default.png; sourceTree = "<group>"; };
		550B2A1017A6B030007FEBBF /* Default@2x.png */ = {isa = PBXFileReference; lastKnownFileType = image.png; path = "Default@2x.png"; sourceTree = "<group>"; };
		550B2A1217A6B030007FEBBF /* Default-568h@2x.png */ = {isa = PBXFileReference; lastKnownFileType = image.png; path = "Default-568h@2x.png"; sourceTree = "<group>"; };
		550B2A1517A6B030007FEBBF /* en */ = {isa = PBXFileReference; lastKnownFileType = file.storyboard; name = en; path = en.lproj/MainStoryboard.storyboard; sourceTree = "<group>"; };
		550B2A1717A6B030007FEBBF /* ViewController.h */ = {isa = PBXFileReference; lastKnownFileType = sourcecode.c.h; path = ViewController.h; sourceTree = "<group>"; };
		550B2A1817A6B030007FEBBF /* ViewController.m */ = {isa = PBXFileReference; lastKnownFileType = sourcecode.c.objc; path = ViewController.m; sourceTree = "<group>"; };
/* End PBXFileReference section */

/* Begin PBXFrameworksBuildPhase section */
		550B29F617A6B030007FEBBF /* Frameworks */ = {
			isa = PBXFrameworksBuildPhase;
			buildActionMask = 2147483647;
			files = (
				550B29FD17A6B030007FEBBF /* UIKit.framework in Frameworks */,
				550B29FF17A6B030007FEBBF /* Foundation.framework in Frameworks */,
				550B2A0117A6B030007FEBBF /* CoreGraphics.framework in Frameworks */,
			);
			runOnlyForDeploymentPostprocessing = 0;
		};
/* End PBXFrameworksBuildPhase section */

/* Begin PBXGroup section */
		550B29F017A6B030007FEBBF = {
			isa = PBXGroup;
			children = (
				550B2A0217A6B030007FEBBF /* PictureGrid */,
				550B29FB17A6B030007FEBBF /* Frameworks */,
				550B29FA17A6B030007FEBBF /* Products */,
			);
			sourceTree = "<group>";
		};
		550B29FA17A6B030007FEBBF /* Products */ = {
			isa = PBXGroup;
			children = (
				550B29F917A6B030007FEBBF /* PictureGrid.app */,
			);
			name = Products;
			sourceTree = "<group>";
		};
		550B29FB17A6B030007FEBBF /* Frameworks */ = {
			isa = PBXGroup;
			children = (
				550B29FC17A6B030007FEBBF /* UIKit.framework */,
				550B29FE17A6B030007FEBBF /* Foundation.framework */,
				550B2A0017A6B030007FEBBF /* CoreGraphics.framework */,
			);
			name = Frameworks;
			sourceTree = "<group>";
		};
		550B2A0217A6B030007FEBBF /* PictureGrid */ = {
			isa = PBXGroup;
			children = (
				550B2A0B17A6B030007FEBBF /* AppDelegate.h */,
				550B2A0C17A6B030007FEBBF /* AppDelegate.m */,
				550B2A1417A6B030007FEBBF /* MainStoryboard.storyboard */,
				550B2A1717A6B030007FEBBF /* ViewController.h */,
				550B2A1817A6B030007FEBBF /* ViewController.m */,
				550B2A0317A6B030007FEBBF /* Supporting Files */,
			);
			path = PictureGrid;
			sourceTree = "<group>";
		};
		550B2A0317A6B030007FEBBF /* Supporting Files */ = {
			isa = PBXGroup;
			children = (
				550B2A0417A6B030007FEBBF /* PictureGrid-Info.plist */,
				550B2A0517A6B030007FEBBF /* InfoPlist.strings */,
				550B2A0817A6B030007FEBBF /* main.m */,
				550B2A0A17A6B030007FEBBF /* PictureGrid-Prefix.pch */,
				550B2A0E17A6B030007FEBBF /* Default.png */,
				550B2A1017A6B030007FEBBF /* Default@2x.png */,
				550B2A1217A6B030007FEBBF /* Default-568h@2x.png */,
			);
			name = "Supporting Files";
			sourceTree = "<group>";
		};
/* End PBXGroup section */

/* Begin PBXNativeTarget section */
		550B29F817A6B030007FEBBF /* PictureGrid */ = {
			isa = PBXNativeTarget;
			buildConfigurationList = 550B2A1C17A6B030007FEBBF /* Build configuration list for PBXNativeTarget "PictureGrid" */;
			buildPhases = (
				550B29F517A6B030007FEBBF /* Sources */,
				550B29F617A6B030007FEBBF /* Frameworks */,
				550B29F717A6B030007FEBBF /* Resources */,
			);
			buildRules = (
			);
			dependencies = (
			);
			name = PictureGrid;
			productName = PictureGrid;
			productReference = 550B29F917A6B030007FEBBF /* PictureGrid.app */;
			productType = "com.apple.product-type.application";
		};
/* End PBXNativeTarget section */

/* Begin PBXProject section */
		550B29F117A6B030007FEBBF /* Project object */ = {
			isa = PBXProject;
			attributes = {
				LastUpgradeCheck = 0460;
				ORGANIZATIONNAME = MentorMate;
			};
			buildConfigurationList = 550B29F417A6B030007FEBBF /* Build configuration list for PBXProject "PictureGrid" */;
			compatibilityVersion = "Xcode 3.2";
			developmentRegion = English;
			hasScannedForEncodings = 0;
			knownRegions = (
				en,
			);
			mainGroup = 550B29F017A6B030007FEBBF;
			productRefGroup = 550B29FA17A6B030007FEBBF /* Products */;
			projectDirPath = "";
			projectRoot = "";
			targets = (
				550B29F817A6B030007FEBBF /* PictureGrid */,
			);
		};
/* End PBXProject section */

/* Begin PBXResourcesBuildPhase section */
		550B29F717A6B030007FEBBF /* Resources */ = {
			isa = PBXResourcesBuildPhase;
			buildActionMask = 2147483647;
			files = (
				550B2A0717A6B030007FEBBF /* InfoPlist.strings in Resources */,
				550B2A0F17A6B030007FEBBF /* Default.png in Resources */,
				550B2A1117A6B030007FEBBF /* Default@2x.png in Resources */,
				550B2A1317A6B030007FEBBF /* Default-568h@2x.png in Resources */,
				550B2A1617A6B030007FEBBF /* MainStoryboard.storyboard in Resources */,
			);
			runOnlyForDeploymentPostprocessing = 0;
		};
/* End PBXResourcesBuildPhase section */

/* Begin PBXSourcesBuildPhase section */
		550B29F517A6B030007FEBBF /* Sources */ = {
			isa = PBXSourcesBuildPhase;
			buildActionMask = 2147483647;
			files = (
				550B2A0917A6B030007FEBBF /* main.m in Sources */,
				550B2A0D17A6B030007FEBBF /* AppDelegate.m in Sources */,
				550B2A1917A6B030007FEBBF /* ViewController.m in Sources */,
			);
			runOnlyForDeploymentPostprocessing = 0;
		};
/* End PBXSourcesBuildPhase section */

/* Begin PBXVariantGroup section */
		550B2A0517A6B030007FEBBF /* InfoPlist.strings */ = {
			isa = PBXVariantGroup;
			children = (
				550B2A0617A6B030007FEBBF /* en */,
			);
			name = InfoPlist.strings;
			sourceTree = "<group>";
		};
		550B2A1417A6B030007FEBBF /* MainStoryboard.storyboard */ = {
			isa = PBXVariantGroup;
			children = (
				550B2A1517A6B030007FEBBF /* en */,
			);
			name = MainStoryboard.storyboard;
			sourceTree = "<group>";
		};
/* End PBXVariantGroup section */

/* Begin XCBuildConfiguration section */
		550B2A1A17A6B030007FEBBF /* Debug */ = {
			isa = XCBuildConfiguration;
			buildSettings = {
				ALWAYS_SEARCH_USER_PATHS = NO;
				CLANG_CXX_LANGUAGE_STANDARD = "gnu++0x";
				CLANG_CXX_LIBRARY = "libc++";
				CLANG_ENABLE_OBJC_ARC = YES;
				CLANG_WARN_CONSTANT_CONVERSION = YES;
				CLANG_WARN_EMPTY_BODY = YES;
				CLANG_WARN_ENUM_CONVERSION = YES;
				CLANG_WARN_INT_CONVERSION = YES;
				CLANG_WARN__DUPLICATE_METHOD_MATCH = YES;
				"CODE_SIGN_IDENTITY[sdk=iphoneos*]" = "iPhone Developer";
				COPY_PHASE_STRIP = NO;
				GCC_C_LANGUAGE_STANDARD = gnu99;
				GCC_DYNAMIC_NO_PIC = NO;
				GCC_OPTIMIZATION_LEVEL = 0;
				GCC_PREPROCESSOR_DEFINITIONS = (
					"DEBUG=1",
					"$(inherited)",
				);
				GCC_SYMBOLS_PRIVATE_EXTERN = NO;
				GCC_WARN_ABOUT_RETURN_TYPE = YES;
				GCC_WARN_UNINITIALIZED_AUTOS = YES;
				GCC_WARN_UNUSED_VARIABLE = YES;
				IPHONEOS_DEPLOYMENT_TARGET = 6.1;
				ONLY_ACTIVE_ARCH = YES;
				SDKROOT = iphoneos;
			};
			name = Debug;
		};
		550B2A1B17A6B030007FEBBF /* Release */ = {
			isa = XCBuildConfiguration;
			buildSettings = {
				ALWAYS_SEARCH_USER_PATHS = NO;
				CLANG_CXX_LANGUAGE_STANDARD = "gnu++0x";
				CLANG_CXX_LIBRARY = "libc++";
				CLANG_ENABLE_OBJC_ARC = YES;
				CLANG_WARN_CONSTANT_CONVERSION = YES;
				CLANG_WARN_EMPTY_BODY = YES;
				CLANG_WARN_ENUM_CONVERSION = YES;
				CLANG_WARN_INT_CONVERSION = YES;
				CLANG_WARN__DUPLICATE_METHOD_MATCH = YES;
				"CODE_SIGN_IDENTITY[sdk=iphoneos*]" = "iPhone Developer";
				COPY_PHASE_STRIP = YES;
				GCC_C_LANGUAGE_STANDARD = gnu99;
				GCC_WARN_ABOUT_RETURN_TYPE = YES;
				GCC_WARN_UNINITIALIZED_AUTOS = YES;
				GCC_WARN_UNUSED_VARIABLE = YES;
				IPHONEOS_DEPLOYMENT_TARGET = 6.1;
				OTHER_CFLAGS = "-DNS_BLOCK_ASSERTIONS=1";
				SDKROOT = iphoneos;
				VALIDATE_PRODUCT = YES;
			};
			name = Release;
		};
		550B2A1D17A6B030007FEBBF /* Debug */ = {
			isa = XCBuildConfiguration;
			buildSettings = {
				GCC_PRECOMPILE_PREFIX_HEADER = YES;
				GCC_PREFIX_HEADER = "PictureGrid/PictureGrid-Prefix.pch";
				INFOPLIST_FILE = "PictureGrid/PictureGrid-Info.plist";
				PRODUCT_NAME = "$(TARGET_NAME)";
				WRAPPER_EXTENSION = app;
			};
			name = Debug;
		};
		550B2A1E17A6B030007FEBBF /* Release */ = {
			isa = XCBuildConfiguration;
			buildSettings = {
				GCC_PRECOMPILE_PREFIX_HEADER = YES;
				GCC_PREFIX_HEADER = "PictureGrid/PictureGrid-Prefix.pch";
				INFOPLIST_FILE = "PictureGrid/PictureGrid-Info.plist";
				PRODUCT_NAME = "$(TARGET_NAME)";
				WRAPPER_EXTENSION = app;
			};
			name = Release;
		};
/* End XCBuildConfiguration section */

/* Begin XCConfigurationList section */
		550B29F417A6B030007FEBBF /* Build configuration list for PBXProject "PictureGrid" */ = {
			isa = XCConfigurationList;
			buildConfigurations = (
				550B2A1A17A6B030007FEBBF /* Debug */,
				550B2A1B17A6B030007FEBBF /* Release */,
			);
			defaultConfigurationIsVisible = 0;
			defaultConfigurationName = Release;
		};
		550B2A1C17A6B030007FEBBF /* Build configuration list for PBXNativeTarget "PictureGrid" */ = {
			isa = XCConfigurationList;
			buildConfigurations = (
				550B2A1D17A6B030007FEBBF /* Debug */,
				550B2A1E17A6B030007FEBBF /* Release */,
			);
			defaultConfigurationIsVisible = 0;
		};
/* End XCConfigurationList section */
	};
	rootObject = 550B29F117A6B030007FEBBF /* Project object */;
}
